
Microsoft Visual Studio Solution File, Format Version 12.00
# Visual Studio Version 16
VisualStudioVersion = 16.0.31025.194
MinimumVisualStudioVersion = 10.0.40219.1
Project("{8BC9CEB8-8B4A-11D0-8D11-00A0C91BC942}") = "Задание 1-2", "Задание 1-2\Задание 1-2.vcxproj", "{835ABAA2-881A-4195-AE9A-FDACC13F7703}"
EndProject
Global
	GlobalSection(SolutionConfigurationPlatforms) = preSolution
		Debug|x64 = Debug|x64
		Debug|x86 = Debug|x86
		Release|x64 = Release|x64
		Release|x86 = Release|x86
	EndGlobalSection
	GlobalSection(ProjectConfigurationPlatforms) = postSolution
		{835ABAA2-881A-4195-AE9A-FDACC13F7703}.Debug|x64.ActiveCfg = Debug|x64
		{835ABAA2-881A-4195-AE9A-FDACC13F7703}.Debug|x64.Build.0 = Debug|x64
		{835ABAA2-881A-4195-AE9A-FDACC13F7703}.Debug|x86.ActiveCfg = Debug|Win32
		{835ABAA2-881A-4195-AE9A-FDACC13F7703}.Debug|x86.Build.0 = Debug|Win32
		{835ABAA2-881A-4195-AE9A-FDACC13F7703}.Release|x64.ActiveCfg = Release|x64
		{835ABAA2-881A-4195-AE9A-FDACC13F7703}.Release|x64.Build.0 = Release|x64
		{835ABAA2-881A-4195-AE9A-FDACC13F7703}.Release|x86.ActiveCfg = Release|Win32
		{835ABAA2-881A-4195-AE9A-FDACC13F7703}.Release|x86.Build.0 = Release|Win32
	EndGlobalSection
	GlobalSection(SolutionProperties) = preSolution
		HideSolutionNode = FALSE
	EndGlobalSection
	GlobalSection(ExtensibilityGlobals) = postSolution
		SolutionGuid = {457D9C6D-A515-4FC9-8745-FD8D92B0F8ED}
	EndGlobalSection
EndGlobal
